
Microsoft Visual Studio Solution File, Format Version 12.00
# Visual Studio Version 17
VisualStudioVersion = 17.4.33213.308
MinimumVisualStudioVersion = 10.0.40219.1
Project("{9A19103F-16F7-4668-BE54-9A1E7A4F7556}") = "CountriesAPI", "CountriesAPI.csproj", "{157ABBC6-8920-4BC1-A47A-4E953970D3EF}"
EndProject
Project("{FAE04EC0-301F-11D3-BF4B-00C04F79EFBC}") = "CountriesAPI.Tests", "..\CountriesAPI.Tests\CountriesAPI.Tests.csproj", "{CAE89015-429E-4B1F-B447-72B461A006B4}"
EndProject
Global
	GlobalSection(SolutionConfigurationPlatforms) = preSolution
		Debug|Any CPU = Debug|Any CPU
		Release|Any CPU = Release|Any CPU
	EndGlobalSection
	GlobalSection(ProjectConfigurationPlatforms) = postSolution
		{157ABBC6-8920-4BC1-A47A-4E953970D3EF}.Debug|Any CPU.ActiveCfg = Debug|Any CPU
		{157ABBC6-8920-4BC1-A47A-4E953970D3EF}.Debug|Any CPU.Build.0 = Debug|Any CPU
		{157ABBC6-8920-4BC1-A47A-4E953970D3EF}.Release|Any CPU.ActiveCfg = Release|Any CPU
		{157ABBC6-8920-4BC1-A47A-4E953970D3EF}.Release|Any CPU.Build.0 = Release|Any CPU
		{CAE89015-429E-4B1F-B447-72B461A006B4}.Debug|Any CPU.ActiveCfg = Debug|Any CPU
		{CAE89015-429E-4B1F-B447-72B461A006B4}.Debug|Any CPU.Build.0 = Debug|Any CPU
		{CAE89015-429E-4B1F-B447-72B461A006B4}.Release|Any CPU.ActiveCfg = Release|Any CPU
		{CAE89015-429E-4B1F-B447-72B461A006B4}.Release|Any CPU.Build.0 = Release|Any CPU
	EndGlobalSection
	GlobalSection(SolutionProperties) = preSolution
		HideSolutionNode = FALSE
	EndGlobalSection
	GlobalSection(ExtensibilityGlobals) = postSolution
		SolutionGuid = {B0866C40-A912-4E7F-BD3F-9748CED36CA9}
	EndGlobalSection
EndGlobal
